
Microsoft Visual Studio Solution File, Format Version 12.00
# Visual Studio Version 17
Project("{2150E333-8FDC-42A3-9474-1A3956D46DE8}") = "CMakePredefinedTargets", "CMakePredefinedTargets", "{B5990C77-80AE-3E69-8D9F-02AA8BEA9095}"
EndProject
Project("{2150E333-8FDC-42A3-9474-1A3956D46DE8}") = "GLFW3", "GLFW3", "{FC35A50D-F941-390C-B872-79A48056C036}"
EndProject
Project("{2150E333-8FDC-42A3-9474-1A3956D46DE8}") = "Examples", "GLFW3\Examples", "{0019E720-3536-3595-9C1C-6B099E1702C9}"
EndProject
Project("{2150E333-8FDC-42A3-9474-1A3956D46DE8}") = "Tests", "GLFW3\Tests", "{0A3CAA7A-CBFC-3109-9D88-0DC9E65B3C77}"
EndProject
Project("{8BC9CEB8-8B4A-11D0-8D11-00A0C91BC942}") = "ALL_BUILD", "ALL_BUILD.vcxproj", "{12369495-D760-3B61-B07C-48E89CFAED33}"
	ProjectSection(ProjectDependencies) = postProject
		{5C928DFE-43C7-3B73-BC5E-8D89BBC018CE} = {5C928DFE-43C7-3B73-BC5E-8D89BBC018CE}
		{4426DA9C-125E-34E5-9506-8348685281D9} = {4426DA9C-125E-34E5-9506-8348685281D9}
		{40FA7094-FD28-3418-BE6D-BB7098CE5EED} = {40FA7094-FD28-3418-BE6D-BB7098CE5EED}
		{A384D4E4-3056-3330-83FA-51714AFE6D7E} = {A384D4E4-3056-3330-83FA-51714AFE6D7E}
		{03FFD722-0059-3B24-B390-07C491F25103} = {03FFD722-0059-3B24-B390-07C491F25103}
		{7B612F1E-5BD9-3558-AB76-EC920C35796C} = {7B612F1E-5BD9-3558-AB76-EC920C35796C}
		{479D5E23-1C3D-3EBC-85EF-FCA66432C794} = {479D5E23-1C3D-3EBC-85EF-FCA66432C794}
		{9C5CE62A-FEE6-3464-A7F4-C4353721420C} = {9C5CE62A-FEE6-3464-A7F4-C4353721420C}
		{6C01A581-FA44-3F10-8A02-072178B00D6D} = {6C01A581-FA44-3F10-8A02-072178B00D6D}
		{CDD6FA29-977F-36C1-8FA5-C65D550149A2} = {CDD6FA29-977F-36C1-8FA5-C65D550149A2}
		{173B7F07-47CD-3BD2-B18A-C4FD23AA594A} = {173B7F07-47CD-3BD2-B18A-C4FD23AA594A}
		{B91E7757-3887-32C0-BAF9-C871F3999951} = {B91E7757-3887-32C0-BAF9-C871F3999951}
		{026893D3-CE0F-3831-A64D-F66906C0DC2B} = {026893D3-CE0F-3831-A64D-F66906C0DC2B}
		{0C7FC843-C9E8-3C73-98A9-D09D5B545ACE} = {0C7FC843-C9E8-3C73-98A9-D09D5B545ACE}
		{0F75BD23-DE4F-3A7E-A4B6-2A9D1809F170} = {0F75BD23-DE4F-3A7E-A4B6-2A9D1809F170}
		{226EFD5A-3213-312C-95FD-161D2EBA1F98} = {226EFD5A-3213-312C-95FD-161D2EBA1F98}
		{BC7570D0-DAC2-3969-BFAB-187431D07B9E} = {BC7570D0-DAC2-3969-BFAB-187431D07B9E}
		{0BB0723E-D303-386D-9720-690369F02D15} = {0BB0723E-D303-386D-9720-690369F02D15}
		{1B9085CC-F722-31A7-B583-E9FBBC1DB5BB} = {1B9085CC-F722-31A7-B583-E9FBBC1DB5BB}
		{A19F8891-300D-3F2F-83D2-6D608E5724A9} = {A19F8891-300D-3F2F-83D2-6D608E5724A9}
		{064120C8-122D-3B87-AEC9-B1A3E7C5D860} = {064120C8-122D-3B87-AEC9-B1A3E7C5D860}
		{CFCE905D-6F9F-3F11-ACBF-2B360CD6A1CA} = {CFCE905D-6F9F-3F11-ACBF-2B360CD6A1CA}
		{CA1EDDF1-39C3-3ADC-82B8-A60AF403AE3E} = {CA1EDDF1-39C3-3ADC-82B8-A60AF403AE3E}
		{45D05E5C-22E1-3936-8B3B-651EAD56642C} = {45D05E5C-22E1-3936-8B3B-651EAD56642C}
		{02B1F7D4-7CAB-3AE8-B34D-95239331D2A6} = {02B1F7D4-7CAB-3AE8-B34D-95239331D2A6}
		{DA33B781-4B48-3534-A73E-796BD22EDB42} = {DA33B781-4B48-3534-A73E-796BD22EDB42}
		{7C0E61C0-067C-3CF6-B8B3-2814E6BEFECF} = {7C0E61C0-067C-3CF6-B8B3-2814E6BEFECF}
		{77B3D16B-06B1-3C38-A662-538D24F42AAF} = {77B3D16B-06B1-3C38-A662-538D24F42AAF}
		{4AD2DD34-5394-3697-A56E-BAE65C807131} = {4AD2DD34-5394-3697-A56E-BAE65C807131}
		{23143196-1657-32C7-B5A0-B4087E5D16EC} = {23143196-1657-32C7-B5A0-B4087E5D16EC}
		{D5AD8A7D-DAE4-354D-B5BC-D23E06C7C6AD} = {D5AD8A7D-DAE4-354D-B5BC-D23E06C7C6AD}
		{F12E594B-51E2-3A8A-BEA6-E4019E57BE98} = {F12E594B-51E2-3A8A-BEA6-E4019E57BE98}
		{314D570B-4905-3FAC-A9F8-4992E5472833} = {314D570B-4905-3FAC-A9F8-4992E5472833}
	EndProjectSection
EndProject
Project("{8BC9CEB8-8B4A-11D0-8D11-00A0C91BC942}") = "INSTALL", "INSTALL.vcxproj", "{892337A8-D0F4-349F-88ED-54F66B5D1A95}"
	ProjectSection(ProjectDependencies) = postProject
		{12369495-D760-3B61-B07C-48E89CFAED33} = {12369495-D760-3B61-B07C-48E89CFAED33}
		{5C928DFE-43C7-3B73-BC5E-8D89BBC018CE} = {5C928DFE-43C7-3B73-BC5E-8D89BBC018CE}
	EndProjectSection
EndProject
Project("{8BC9CEB8-8B4A-11D0-8D11-00A0C91BC942}") = "ZERO_CHECK", "ZERO_CHECK.vcxproj", "{5C928DFE-43C7-3B73-BC5E-8D89BBC018CE}"
	ProjectSection(ProjectDependencies) = postProject
	EndProjectSection
EndProject
Project("{8BC9CEB8-8B4A-11D0-8D11-00A0C91BC942}") = "allocator", "tests\allocator.vcxproj", "{4426DA9C-125E-34E5-9506-8348685281D9}"
	ProjectSection(ProjectDependencies) = postProject
		{5C928DFE-43C7-3B73-BC5E-8D89BBC018CE} = {5C928DFE-43C7-3B73-BC5E-8D89BBC018CE}
		{CDD6FA29-977F-36C1-8FA5-C65D550149A2} = {CDD6FA29-977F-36C1-8FA5-C65D550149A2}
	EndProjectSection
EndProject
Project("{8BC9CEB8-8B4A-11D0-8D11-00A0C91BC942}") = "boing", "examples\boing.vcxproj", "{40FA7094-FD28-3418-BE6D-BB7098CE5EED}"
	ProjectSection(ProjectDependencies) = postProject
		{5C928DFE-43C7-3B73-BC5E-8D89BBC018CE} = {5C928DFE-43C7-3B73-BC5E-8D89BBC018CE}
		{CDD6FA29-977F-36C1-8FA5-C65D550149A2} = {CDD6FA29-977F-36C1-8FA5-C65D550149A2}
	EndProjectSection
EndProject
Project("{8BC9CEB8-8B4A-11D0-8D11-00A0C91BC942}") = "clipboard", "tests\clipboard.vcxproj", "{A384D4E4-3056-3330-83FA-51714AFE6D7E}"
	ProjectSection(ProjectDependencies) = postProject
		{5C928DFE-43C7-3B73-BC5E-8D89BBC018CE} = {5C928DFE-43C7-3B73-BC5E-8D89BBC018CE}
		{CDD6FA29-977F-36C1-8FA5-C65D550149A2} = {CDD6FA29-977F-36C1-8FA5-C65D550149A2}
	EndProjectSection
EndProject
Project("{8BC9CEB8-8B4A-11D0-8D11-00A0C91BC942}") = "cursor", "tests\cursor.vcxproj", "{03FFD722-0059-3B24-B390-07C491F25103}"
	ProjectSection(ProjectDependencies) = postProject
		{5C928DFE-43C7-3B73-BC5E-8D89BBC018CE} = {5C928DFE-43C7-3B73-BC5E-8D89BBC018CE}
		{CDD6FA29-977F-36C1-8FA5-C65D550149A2} = {CDD6FA29-977F-36C1-8FA5-C65D550149A2}
	EndProjectSection
EndProject
Project("{8BC9CEB8-8B4A-11D0-8D11-00A0C91BC942}") = "empty", "tests\empty.vcxproj", "{7B612F1E-5BD9-3558-AB76-EC920C35796C}"
	ProjectSection(ProjectDependencies) = postProject
		{5C928DFE-43C7-3B73-BC5E-8D89BBC018CE} = {5C928DFE-43C7-3B73-BC5E-8D89BBC018CE}
		{CDD6FA29-977F-36C1-8FA5-C65D550149A2} = {CDD6FA29-977F-36C1-8FA5-C65D550149A2}
	EndProjectSection
EndProject
Project("{8BC9CEB8-8B4A-11D0-8D11-00A0C91BC942}") = "events", "tests\events.vcxproj", "{479D5E23-1C3D-3EBC-85EF-FCA66432C794}"
	ProjectSection(ProjectDependencies) = postProject
		{5C928DFE-43C7-3B73-BC5E-8D89BBC018CE} = {5C928DFE-43C7-3B73-BC5E-8D89BBC018CE}
		{CDD6FA29-977F-36C1-8FA5-C65D550149A2} = {CDD6FA29-977F-36C1-8FA5-C65D550149A2}
	EndProjectSection
EndProject
Project("{8BC9CEB8-8B4A-11D0-8D11-00A0C91BC942}") = "gamma", "tests\gamma.vcxproj", "{9C5CE62A-FEE6-3464-A7F4-C4353721420C}"
	ProjectSection(ProjectDependencies) = postProject
		{5C928DFE-43C7-3B73-BC5E-8D89BBC018CE} = {5C928DFE-43C7-3B73-BC5E-8D89BBC018CE}
		{CDD6FA29-977F-36C1-8FA5-C65D550149A2} = {CDD6FA29-977F-36C1-8FA5-C65D550149A2}
	EndProjectSection
EndProject
Project("{8BC9CEB8-8B4A-11D0-8D11-00A0C91BC942}") = "gears", "examples\gears.vcxproj", "{6C01A581-FA44-3F10-8A02-072178B00D6D}"
	ProjectSection(ProjectDependencies) = postProject
		{5C928DFE-43C7-3B73-BC5E-8D89BBC018CE} = {5C928DFE-43C7-3B73-BC5E-8D89BBC018CE}
		{CDD6FA29-977F-36C1-8FA5-C65D550149A2} = {CDD6FA29-977F-36C1-8FA5-C65D550149A2}
	EndProjectSection
EndProject
Project("{8BC9CEB8-8B4A-11D0-8D11-00A0C91BC942}") = "glfw", "src\glfw.vcxproj", "{CDD6FA29-977F-36C1-8FA5-C65D550149A2}"
	ProjectSection(ProjectDependencies) = postProject
		{5C928DFE-43C7-3B73-BC5E-8D89BBC018CE} = {5C928DFE-43C7-3B73-BC5E-8D89BBC018CE}
	EndProjectSection
EndProject
Project("{8BC9CEB8-8B4A-11D0-8D11-00A0C91BC942}") = "glfwinfo", "tests\glfwinfo.vcxproj", "{173B7F07-47CD-3BD2-B18A-C4FD23AA594A}"
	ProjectSection(ProjectDependencies) = postProject
		{5C928DFE-43C7-3B73-BC5E-8D89BBC018CE} = {5C928DFE-43C7-3B73-BC5E-8D89BBC018CE}
		{CDD6FA29-977F-36C1-8FA5-C65D550149A2} = {CDD6FA29-977F-36C1-8FA5-C65D550149A2}
	EndProjectSection
EndProject
Project("{8BC9CEB8-8B4A-11D0-8D11-00A0C91BC942}") = "heightmap", "examples\heightmap.vcxproj", "{B91E7757-3887-32C0-BAF9-C871F3999951}"
	ProjectSection(ProjectDependencies) = postProject
		{5C928DFE-43C7-3B73-BC5E-8D89BBC018CE} = {5C928DFE-43C7-3B73-BC5E-8D89BBC018CE}
		{CDD6FA29-977F-36C1-8FA5-C65D550149A2} = {CDD6FA29-977F-36C1-8FA5-C65D550149A2}
	EndProjectSection
EndProject
Project("{8BC9CEB8-8B4A-11D0-8D11-00A0C91BC942}") = "icon", "tests\icon.vcxproj", "{026893D3-CE0F-3831-A64D-F66906C0DC2B}"
	ProjectSection(ProjectDependencies) = postProject
		{5C928DFE-43C7-3B73-BC5E-8D89BBC018CE} = {5C928DFE-43C7-3B73-BC5E-8D89BBC018CE}
		{CDD6FA29-977F-36C1-8FA5-C65D550149A2} = {CDD6FA29-977F-36C1-8FA5-C65D550149A2}
	EndProjectSection
EndProject
Project("{8BC9CEB8-8B4A-11D0-8D11-00A0C91BC942}") = "iconify", "tests\iconify.vcxproj", "{0C7FC843-C9E8-3C73-98A9-D09D5B545ACE}"
	ProjectSection(ProjectDependencies) = postProject
		{5C928DFE-43C7-3B73-BC5E-8D89BBC018CE} = {5C928DFE-43C7-3B73-BC5E-8D89BBC018CE}
		{CDD6FA29-977F-36C1-8FA5-C65D550149A2} = {CDD6FA29-977F-36C1-8FA5-C65D550149A2}
	EndProjectSection
EndProject
Project("{8BC9CEB8-8B4A-11D0-8D11-00A0C91BC942}") = "inputlag", "tests\inputlag.vcxproj", "{0F75BD23-DE4F-3A7E-A4B6-2A9D1809F170}"
	ProjectSection(ProjectDependencies) = postProject
		{5C928DFE-43C7-3B73-BC5E-8D89BBC018CE} = {5C928DFE-43C7-3B73-BC5E-8D89BBC018CE}
		{CDD6FA29-977F-36C1-8FA5-C65D550149A2} = {CDD6FA29-977F-36C1-8FA5-C65D550149A2}
	EndProjectSection
EndProject
Project("{8BC9CEB8-8B4A-11D0-8D11-00A0C91BC942}") = "joysticks", "tests\joysticks.vcxproj", "{226EFD5A-3213-312C-95FD-161D2EBA1F98}"
	ProjectSection(ProjectDependencies) = postProject
		{5C928DFE-43C7-3B73-BC5E-8D89BBC018CE} = {5C928DFE-43C7-3B73-BC5E-8D89BBC018CE}
		{CDD6FA29-977F-36C1-8FA5-C65D550149A2} = {CDD6FA29-977F-36C1-8FA5-C65D550149A2}
	EndProjectSection
EndProject
Project("{8BC9CEB8-8B4A-11D0-8D11-00A0C91BC942}") = "monitors", "tests\monitors.vcxproj", "{BC7570D0-DAC2-3969-BFAB-187431D07B9E}"
	ProjectSection(ProjectDependencies) = postProject
		{5C928DFE-43C7-3B73-BC5E-8D89BBC018CE} = {5C928DFE-43C7-3B73-BC5E-8D89BBC018CE}
		{CDD6FA29-977F-36C1-8FA5-C65D550149A2} = {CDD6FA29-977F-36C1-8FA5-C65D550149A2}
	EndProjectSection
EndProject
Project("{8BC9CEB8-8B4A-11D0-8D11-00A0C91BC942}") = "msaa", "tests\msaa.vcxproj", "{0BB0723E-D303-386D-9720-690369F02D15}"
	ProjectSection(ProjectDependencies) = postProject
		{5C928DFE-43C7-3B73-BC5E-8D89BBC018CE} = {5C928DFE-43C7-3B73-BC5E-8D89BBC018CE}
		{CDD6FA29-977F-36C1-8FA5-C65D550149A2} = {CDD6FA29-977F-36C1-8FA5-C65D550149A2}
	EndProjectSection
EndProject
Project("{8BC9CEB8-8B4A-11D0-8D11-00A0C91BC942}") = "offscreen", "examples\offscreen.vcxproj", "{1B9085CC-F722-31A7-B583-E9FBBC1DB5BB}"
	ProjectSection(ProjectDependencies) = postProject
		{5C928DFE-43C7-3B73-BC5E-8D89BBC018CE} = {5C928DFE-43C7-3B73-BC5E-8D89BBC018CE}
		{CDD6FA29-977F-36C1-8FA5-C65D550149A2} = {CDD6FA29-977F-36C1-8FA5-C65D550149A2}
	EndProjectSection
EndProject
Project("{8BC9CEB8-8B4A-11D0-8D11-00A0C91BC942}") = "particles", "examples\particles.vcxproj", "{A19F8891-300D-3F2F-83D2-6D608E5724A9}"
	ProjectSection(ProjectDependencies) = postProject
		{5C928DFE-43C7-3B73-BC5E-8D89BBC018CE} = {5C928DFE-43C7-3B73-BC5E-8D89BBC018CE}
		{CDD6FA29-977F-36C1-8FA5-C65D550149A2} = {CDD6FA29-977F-36C1-8FA5-C65D550149A2}
	EndProjectSection
EndProject
Project("{8BC9CEB8-8B4A-11D0-8D11-00A0C91BC942}") = "reopen", "tests\reopen.vcxproj", "{064120C8-122D-3B87-AEC9-B1A3E7C5D860}"
	ProjectSection(ProjectDependencies) = postProject
		{5C928DFE-43C7-3B73-BC5E-8D89BBC018CE} = {5C928DFE-43C7-3B73-BC5E-8D89BBC018CE}
		{CDD6FA29-977F-36C1-8FA5-C65D550149A2} = {CDD6FA29-977F-36C1-8FA5-C65D550149A2}
	EndProjectSection
EndProject
Project("{8BC9CEB8-8B4A-11D0-8D11-00A0C91BC942}") = "sharing", "examples\sharing.vcxproj", "{CFCE905D-6F9F-3F11-ACBF-2B360CD6A1CA}"
	ProjectSection(ProjectDependencies) = postProject
		{5C928DFE-43C7-3B73-BC5E-8D89BBC018CE} = {5C928DFE-43C7-3B73-BC5E-8D89BBC018CE}
		{CDD6FA29-977F-36C1-8FA5-C65D550149A2} = {CDD6FA29-977F-36C1-8FA5-C65D550149A2}
	EndProjectSection
EndProject
Project("{8BC9CEB8-8B4A-11D0-8D11-00A0C91BC942}") = "splitview", "examples\splitview.vcxproj", "{CA1EDDF1-39C3-3ADC-82B8-A60AF403AE3E}"
	ProjectSection(ProjectDependencies) = postProject
		{5C928DFE-43C7-3B73-BC5E-8D89BBC018CE} = {5C928DFE-43C7-3B73-BC5E-8D89BBC018CE}
		{CDD6FA29-977F-36C1-8FA5-C65D550149A2} = {CDD6FA29-977F-36C1-8FA5-C65D550149A2}
	EndProjectSection
EndProject
Project("{8BC9CEB8-8B4A-11D0-8D11-00A0C91BC942}") = "tearing", "tests\tearing.vcxproj", "{45D05E5C-22E1-3936-8B3B-651EAD56642C}"
	ProjectSection(ProjectDependencies) = postProject
		{5C928DFE-43C7-3B73-BC5E-8D89BBC018CE} = {5C928DFE-43C7-3B73-BC5E-8D89BBC018CE}
		{CDD6FA29-977F-36C1-8FA5-C65D550149A2} = {CDD6FA29-977F-36C1-8FA5-C65D550149A2}
	EndProjectSection
EndProject
Project("{8BC9CEB8-8B4A-11D0-8D11-00A0C91BC942}") = "threads", "tests\threads.vcxproj", "{02B1F7D4-7CAB-3AE8-B34D-95239331D2A6}"
	ProjectSection(ProjectDependencies) = postProject
		{5C928DFE-43C7-3B73-BC5E-8D89BBC018CE} = {5C928DFE-43C7-3B73-BC5E-8D89BBC018CE}
		{CDD6FA29-977F-36C1-8FA5-C65D550149A2} = {CDD6FA29-977F-36C1-8FA5-C65D550149A2}
	EndProjectSection
EndProject
Project("{8BC9CEB8-8B4A-11D0-8D11-00A0C91BC942}") = "timeout", "tests\timeout.vcxproj", "{DA33B781-4B48-3534-A73E-796BD22EDB42}"
	ProjectSection(ProjectDependencies) = postProject
		{5C928DFE-43C7-3B73-BC5E-8D89BBC018CE} = {5C928DFE-43C7-3B73-BC5E-8D89BBC018CE}
		{CDD6FA29-977F-36C1-8FA5-C65D550149A2} = {CDD6FA29-977F-36C1-8FA5-C65D550149A2}
	EndProjectSection
EndProject
Project("{8BC9CEB8-8B4A-11D0-8D11-00A0C91BC942}") = "title", "tests\title.vcxproj", "{7C0E61C0-067C-3CF6-B8B3-2814E6BEFECF}"
	ProjectSection(ProjectDependencies) = postProject
		{5C928DFE-43C7-3B73-BC5E-8D89BBC018CE} = {5C928DFE-43C7-3B73-BC5E-8D89BBC018CE}
		{CDD6FA29-977F-36C1-8FA5-C65D550149A2} = {CDD6FA29-977F-36C1-8FA5-C65D550149A2}
	EndProjectSection
EndProject
Project("{8BC9CEB8-8B4A-11D0-8D11-00A0C91BC942}") = "triangle-opengl", "examples\triangle-opengl.vcxproj", "{77B3D16B-06B1-3C38-A662-538D24F42AAF}"
	ProjectSection(ProjectDependencies) = postProject
		{5C928DFE-43C7-3B73-BC5E-8D89BBC018CE} = {5C928DFE-43C7-3B73-BC5E-8D89BBC018CE}
		{CDD6FA29-977F-36C1-8FA5-C65D550149A2} = {CDD6FA29-977F-36C1-8FA5-C65D550149A2}
	EndProjectSection
EndProject
Project("{8BC9CEB8-8B4A-11D0-8D11-00A0C91BC942}") = "triangle-opengles", "examples\triangle-opengles.vcxproj", "{4AD2DD34-5394-3697-A56E-BAE65C807131}"
	ProjectSection(ProjectDependencies) = postProject
		{5C928DFE-43C7-3B73-BC5E-8D89BBC018CE} = {5C928DFE-43C7-3B73-BC5E-8D89BBC018CE}
		{CDD6FA29-977F-36C1-8FA5-C65D550149A2} = {CDD6FA29-977F-36C1-8FA5-C65D550149A2}
	EndProjectSection
EndProject
Project("{8BC9CEB8-8B4A-11D0-8D11-00A0C91BC942}") = "triangle-vulkan", "tests\triangle-vulkan.vcxproj", "{23143196-1657-32C7-B5A0-B4087E5D16EC}"
	ProjectSection(ProjectDependencies) = postProject
		{5C928DFE-43C7-3B73-BC5E-8D89BBC018CE} = {5C928DFE-43C7-3B73-BC5E-8D89BBC018CE}
		{CDD6FA29-977F-36C1-8FA5-C65D550149A2} = {CDD6FA29-977F-36C1-8FA5-C65D550149A2}
	EndProjectSection
EndProject
Project("{8BC9CEB8-8B4A-11D0-8D11-00A0C91BC942}") = "uninstall", "uninstall.vcxproj", "{2579349F-132F-3751-9367-863FD042FB49}"
	ProjectSection(ProjectDependencies) = postProject
		{5C928DFE-43C7-3B73-BC5E-8D89BBC018CE} = {5C928DFE-43C7-3B73-BC5E-8D89BBC018CE}
	EndProjectSection
EndProject
Project("{8BC9CEB8-8B4A-11D0-8D11-00A0C91BC942}") = "update_mappings", "src\update_mappings.vcxproj", "{4330ACF7-4471-3A48-AA1C-BE2CD6B59CE5}"
	ProjectSection(ProjectDependencies) = postProject
		{5C928DFE-43C7-3B73-BC5E-8D89BBC018CE} = {5C928DFE-43C7-3B73-BC5E-8D89BBC018CE}
	EndProjectSection
EndProject
Project("{8BC9CEB8-8B4A-11D0-8D11-00A0C91BC942}") = "wave", "examples\wave.vcxproj", "{D5AD8A7D-DAE4-354D-B5BC-D23E06C7C6AD}"
	ProjectSection(ProjectDependencies) = postProject
		{5C928DFE-43C7-3B73-BC5E-8D89BBC018CE} = {5C928DFE-43C7-3B73-BC5E-8D89BBC018CE}
		{CDD6FA29-977F-36C1-8FA5-C65D550149A2} = {CDD6FA29-977F-36C1-8FA5-C65D550149A2}
	EndProjectSection
EndProject
Project("{8BC9CEB8-8B4A-11D0-8D11-00A0C91BC942}") = "window", "tests\window.vcxproj", "{F12E594B-51E2-3A8A-BEA6-E4019E57BE98}"
	ProjectSection(ProjectDependencies) = postProject
		{5C928DFE-43C7-3B73-BC5E-8D89BBC018CE} = {5C928DFE-43C7-3B73-BC5E-8D89BBC018CE}
		{CDD6FA29-977F-36C1-8FA5-C65D550149A2} = {CDD6FA29-977F-36C1-8FA5-C65D550149A2}
	EndProjectSection
EndProject
Project("{8BC9CEB8-8B4A-11D0-8D11-00A0C91BC942}") = "windows", "examples\windows.vcxproj", "{314D570B-4905-3FAC-A9F8-4992E5472833}"
	ProjectSection(ProjectDependencies) = postProject
		{5C928DFE-43C7-3B73-BC5E-8D89BBC018CE} = {5C928DFE-43C7-3B73-BC5E-8D89BBC018CE}
		{CDD6FA29-977F-36C1-8FA5-C65D550149A2} = {CDD6FA29-977F-36C1-8FA5-C65D550149A2}
	EndProjectSection
EndProject
Global
	GlobalSection(SolutionConfigurationPlatforms) = preSolution
		Debug|x64 = Debug|x64
		Release|x64 = Release|x64
		MinSizeRel|x64 = MinSizeRel|x64
		RelWithDebInfo|x64 = RelWithDebInfo|x64
	EndGlobalSection
	GlobalSection(ProjectConfigurationPlatforms) = postSolution
		{12369495-D760-3B61-B07C-48E89CFAED33}.Debug|x64.ActiveCfg = Debug|x64
		{12369495-D760-3B61-B07C-48E89CFAED33}.Debug|x64.Build.0 = Debug|x64
		{12369495-D760-3B61-B07C-48E89CFAED33}.Release|x64.ActiveCfg = Release|x64
		{12369495-D760-3B61-B07C-48E89CFAED33}.Release|x64.Build.0 = Release|x64
		{12369495-D760-3B61-B07C-48E89CFAED33}.MinSizeRel|x64.ActiveCfg = MinSizeRel|x64
		{12369495-D760-3B61-B07C-48E89CFAED33}.MinSizeRel|x64.Build.0 = MinSizeRel|x64
		{12369495-D760-3B61-B07C-48E89CFAED33}.RelWithDebInfo|x64.ActiveCfg = RelWithDebInfo|x64
		{12369495-D760-3B61-B07C-48E89CFAED33}.RelWithDebInfo|x64.Build.0 = RelWithDebInfo|x64
		{892337A8-D0F4-349F-88ED-54F66B5D1A95}.Debug|x64.ActiveCfg = Debug|x64
		{892337A8-D0F4-349F-88ED-54F66B5D1A95}.Release|x64.ActiveCfg = Release|x64
		{892337A8-D0F4-349F-88ED-54F66B5D1A95}.MinSizeRel|x64.ActiveCfg = MinSizeRel|x64
		{892337A8-D0F4-349F-88ED-54F66B5D1A95}.RelWithDebInfo|x64.ActiveCfg = RelWithDebInfo|x64
		{5C928DFE-43C7-3B73-BC5E-8D89BBC018CE}.Debug|x64.ActiveCfg = Debug|x64
		{5C928DFE-43C7-3B73-BC5E-8D89BBC018CE}.Debug|x64.Build.0 = Debug|x64
		{5C928DFE-43C7-3B73-BC5E-8D89BBC018CE}.Release|x64.ActiveCfg = Release|x64
		{5C928DFE-43C7-3B73-BC5E-8D89BBC018CE}.Release|x64.Build.0 = Release|x64
		{5C928DFE-43C7-3B73-BC5E-8D89BBC018CE}.MinSizeRel|x64.ActiveCfg = MinSizeRel|x64
		{5C928DFE-43C7-3B73-BC5E-8D89BBC018CE}.MinSizeRel|x64.Build.0 = MinSizeRel|x64
		{5C928DFE-43C7-3B73-BC5E-8D89BBC018CE}.RelWithDebInfo|x64.ActiveCfg = RelWithDebInfo|x64
		{5C928DFE-43C7-3B73-BC5E-8D89BBC018CE}.RelWithDebInfo|x64.Build.0 = RelWithDebInfo|x64
		{4426DA9C-125E-34E5-9506-8348685281D9}.Debug|x64.ActiveCfg = Debug|x64
		{4426DA9C-125E-34E5-9506-8348685281D9}.Debug|x64.Build.0 = Debug|x64
		{4426DA9C-125E-34E5-9506-8348685281D9}.Release|x64.ActiveCfg = Release|x64
		{4426DA9C-125E-34E5-9506-8348685281D9}.Release|x64.Build.0 = Release|x64
		{4426DA9C-125E-34E5-9506-8348685281D9}.MinSizeRel|x64.ActiveCfg = MinSizeRel|x64
		{4426DA9C-125E-34E5-9506-8348685281D9}.MinSizeRel|x64.Build.0 = MinSizeRel|x64
		{4426DA9C-125E-34E5-9506-8348685281D9}.RelWithDebInfo|x64.ActiveCfg = RelWithDebInfo|x64
		{4426DA9C-125E-34E5-9506-8348685281D9}.RelWithDebInfo|x64.Build.0 = RelWithDebInfo|x64
		{40FA7094-FD28-3418-BE6D-BB7098CE5EED}.Debug|x64.ActiveCfg = Debug|x64
		{40FA7094-FD28-3418-BE6D-BB7098CE5EED}.Debug|x64.Build.0 = Debug|x64
		{40FA7094-FD28-3418-BE6D-BB7098CE5EED}.Release|x64.ActiveCfg = Release|x64
		{40FA7094-FD28-3418-BE6D-BB7098CE5EED}.Release|x64.Build.0 = Release|x64
		{40FA7094-FD28-3418-BE6D-BB7098CE5EED}.MinSizeRel|x64.ActiveCfg = MinSizeRel|x64
		{40FA7094-FD28-3418-BE6D-BB7098CE5EED}.MinSizeRel|x64.Build.0 = MinSizeRel|x64
		{40FA7094-FD28-3418-BE6D-BB7098CE5EED}.RelWithDebInfo|x64.ActiveCfg = RelWithDebInfo|x64
		{40FA7094-FD28-3418-BE6D-BB7098CE5EED}.RelWithDebInfo|x64.Build.0 = RelWithDebInfo|x64
		{A384D4E4-3056-3330-83FA-51714AFE6D7E}.Debug|x64.ActiveCfg = Debug|x64
		{A384D4E4-3056-3330-83FA-51714AFE6D7E}.Debug|x64.Build.0 = Debug|x64
		{A384D4E4-3056-3330-83FA-51714AFE6D7E}.Release|x64.ActiveCfg = Release|x64
		{A384D4E4-3056-3330-83FA-51714AFE6D7E}.Release|x64.Build.0 = Release|x64
		{A384D4E4-3056-3330-83FA-51714AFE6D7E}.MinSizeRel|x64.ActiveCfg = MinSizeRel|x64
		{A384D4E4-3056-3330-83FA-51714AFE6D7E}.MinSizeRel|x64.Build.0 = MinSizeRel|x64
		{A384D4E4-3056-3330-83FA-51714AFE6D7E}.RelWithDebInfo|x64.ActiveCfg = RelWithDebInfo|x64
		{A384D4E4-3056-3330-83FA-51714AFE6D7E}.RelWithDebInfo|x64.Build.0 = RelWithDebInfo|x64
		{03FFD722-0059-3B24-B390-07C491F25103}.Debug|x64.ActiveCfg = Debug|x64
		{03FFD722-0059-3B24-B390-07C491F25103}.Debug|x64.Build.0 = Debug|x64
		{03FFD722-0059-3B24-B390-07C491F25103}.Release|x64.ActiveCfg = Release|x64
		{03FFD722-0059-3B24-B390-07C491F25103}.Release|x64.Build.0 = Release|x64
		{03FFD722-0059-3B24-B390-07C491F25103}.MinSizeRel|x64.ActiveCfg = MinSizeRel|x64
		{03FFD722-0059-3B24-B390-07C491F25103}.MinSizeRel|x64.Build.0 = MinSizeRel|x64
		{03FFD722-0059-3B24-B390-07C491F25103}.RelWithDebInfo|x64.ActiveCfg = RelWithDebInfo|x64
		{03FFD722-0059-3B24-B390-07C491F25103}.RelWithDebInfo|x64.Build.0 = RelWithDebInfo|x64
		{7B612F1E-5BD9-3558-AB76-EC920C35796C}.Debug|x64.ActiveCfg = Debug|x64
		{7B612F1E-5BD9-3558-AB76-EC920C35796C}.Debug|x64.Build.0 = Debug|x64
		{7B612F1E-5BD9-3558-AB76-EC920C35796C}.Release|x64.ActiveCfg = Release|x64
		{7B612F1E-5BD9-3558-AB76-EC920C35796C}.Release|x64.Build.0 = Release|x64
		{7B612F1E-5BD9-3558-AB76-EC920C35796C}.MinSizeRel|x64.ActiveCfg = MinSizeRel|x64
		{7B612F1E-5BD9-3558-AB76-EC920C35796C}.MinSizeRel|x64.Build.0 = MinSizeRel|x64
		{7B612F1E-5BD9-3558-AB76-EC920C35796C}.RelWithDebInfo|x64.ActiveCfg = RelWithDebInfo|x64
		{7B612F1E-5BD9-3558-AB76-EC920C35796C}.RelWithDebInfo|x64.Build.0 = RelWithDebInfo|x64
		{479D5E23-1C3D-3EBC-85EF-FCA66432C794}.Debug|x64.ActiveCfg = Debug|x64
		{479D5E23-1C3D-3EBC-85EF-FCA66432C794}.Debug|x64.Build.0 = Debug|x64
		{479D5E23-1C3D-3EBC-85EF-FCA66432C794}.Release|x64.ActiveCfg = Release|x64
		{479D5E23-1C3D-3EBC-85EF-FCA66432C794}.Release|x64.Build.0 = Release|x64
		{479D5E23-1C3D-3EBC-85EF-FCA66432C794}.MinSizeRel|x64.ActiveCfg = MinSizeRel|x64
		{479D5E23-1C3D-3EBC-85EF-FCA66432C794}.MinSizeRel|x64.Build.0 = MinSizeRel|x64
		{479D5E23-1C3D-3EBC-85EF-FCA66432C794}.RelWithDebInfo|x64.ActiveCfg = RelWithDebInfo|x64
		{479D5E23-1C3D-3EBC-85EF-FCA66432C794}.RelWithDebInfo|x64.Build.0 = RelWithDebInfo|x64
		{9C5CE62A-FEE6-3464-A7F4-C4353721420C}.Debug|x64.ActiveCfg = Debug|x64
		{9C5CE62A-FEE6-3464-A7F4-C4353721420C}.Debug|x64.Build.0 = Debug|x64
		{9C5CE62A-FEE6-3464-A7F4-C4353721420C}.Release|x64.ActiveCfg = Release|x64
		{9C5CE62A-FEE6-3464-A7F4-C4353721420C}.Release|x64.Build.0 = Release|x64
		{9C5CE62A-FEE6-3464-A7F4-C4353721420C}.MinSizeRel|x64.ActiveCfg = MinSizeRel|x64
		{9C5CE62A-FEE6-3464-A7F4-C4353721420C}.MinSizeRel|x64.Build.0 = MinSizeRel|x64
		{9C5CE62A-FEE6-3464-A7F4-C4353721420C}.RelWithDebInfo|x64.ActiveCfg = RelWithDebInfo|x64
		{9C5CE62A-FEE6-3464-A7F4-C4353721420C}.RelWithDebInfo|x64.Build.0 = RelWithDebInfo|x64
		{6C01A581-FA44-3F10-8A02-072178B00D6D}.Debug|x64.ActiveCfg = Debug|x64
		{6C01A581-FA44-3F10-8A02-072178B00D6D}.Debug|x64.Build.0 = Debug|x64
		{6C01A581-FA44-3F10-8A02-072178B00D6D}.Release|x64.ActiveCfg = Release|x64
		{6C01A581-FA44-3F10-8A02-072178B00D6D}.Release|x64.Build.0 = Release|x64
		{6C01A581-FA44-3F10-8A02-072178B00D6D}.MinSizeRel|x64.ActiveCfg = MinSizeRel|x64
		{6C01A581-FA44-3F10-8A02-072178B00D6D}.MinSizeRel|x64.Build.0 = MinSizeRel|x64
		{6C01A581-FA44-3F10-8A02-072178B00D6D}.RelWithDebInfo|x64.ActiveCfg = RelWithDebInfo|x64
		{6C01A581-FA44-3F10-8A02-072178B00D6D}.RelWithDebInfo|x64.Build.0 = RelWithDebInfo|x64
		{CDD6FA29-977F-36C1-8FA5-C65D550149A2}.Debug|x64.ActiveCfg = Debug|x64
		{CDD6FA29-977F-36C1-8FA5-C65D550149A2}.Debug|x64.Build.0 = Debug|x64
		{CDD6FA29-977F-36C1-8FA5-C65D550149A2}.Release|x64.ActiveCfg = Release|x64
		{CDD6FA29-977F-36C1-8FA5-C65D550149A2}.Release|x64.Build.0 = Release|x64
		{CDD6FA29-977F-36C1-8FA5-C65D550149A2}.MinSizeRel|x64.ActiveCfg = MinSizeRel|x64
		{CDD6FA29-977F-36C1-8FA5-C65D550149A2}.MinSizeRel|x64.Build.0 = MinSizeRel|x64
		{CDD6FA29-977F-36C1-8FA5-C65D550149A2}.RelWithDebInfo|x64.ActiveCfg = RelWithDebInfo|x64
		{CDD6FA29-977F-36C1-8FA5-C65D550149A2}.RelWithDebInfo|x64.Build.0 = RelWithDebInfo|x64
		{173B7F07-47CD-3BD2-B18A-C4FD23AA594A}.Debug|x64.ActiveCfg = Debug|x64
		{173B7F07-47CD-3BD2-B18A-C4FD23AA594A}.Debug|x64.Build.0 = Debug|x64
		{173B7F07-47CD-3BD2-B18A-C4FD23AA594A}.Release|x64.ActiveCfg = Release|x64
		{173B7F07-47CD-3BD2-B18A-C4FD23AA594A}.Release|x64.Build.0 = Release|x64
		{173B7F07-47CD-3BD2-B18A-C4FD23AA594A}.MinSizeRel|x64.ActiveCfg = MinSizeRel|x64
		{173B7F07-47CD-3BD2-B18A-C4FD23AA594A}.MinSizeRel|x64.Build.0 = MinSizeRel|x64
		{173B7F07-47CD-3BD2-B18A-C4FD23AA594A}.RelWithDebInfo|x64.ActiveCfg = RelWithDebInfo|x64
		{173B7F07-47CD-3BD2-B18A-C4FD23AA594A}.RelWithDebInfo|x64.Build.0 = RelWithDebInfo|x64
		{B91E7757-3887-32C0-BAF9-C871F3999951}.Debug|x64.ActiveCfg = Debug|x64
		{B91E7757-3887-32C0-BAF9-C871F3999951}.Debug|x64.Build.0 = Debug|x64
		{B91E7757-3887-32C0-BAF9-C871F3999951}.Release|x64.ActiveCfg = Release|x64
		{B91E7757-3887-32C0-BAF9-C871F3999951}.Release|x64.Build.0 = Release|x64
		{B91E7757-3887-32C0-BAF9-C871F3999951}.MinSizeRel|x64.ActiveCfg = MinSizeRel|x64
		{B91E7757-3887-32C0-BAF9-C871F3999951}.MinSizeRel|x64.Build.0 = MinSizeRel|x64
		{B91E7757-3887-32C0-BAF9-C871F3999951}.RelWithDebInfo|x64.ActiveCfg = RelWithDebInfo|x64
		{B91E7757-3887-32C0-BAF9-C871F3999951}.RelWithDebInfo|x64.Build.0 = RelWithDebInfo|x64
		{026893D3-CE0F-3831-A64D-F66906C0DC2B}.Debug|x64.ActiveCfg = Debug|x64
		{026893D3-CE0F-3831-A64D-F66906C0DC2B}.Debug|x64.Build.0 = Debug|x64
		{026893D3-CE0F-3831-A64D-F66906C0DC2B}.Release|x64.ActiveCfg = Release|x64
		{026893D3-CE0F-3831-A64D-F66906C0DC2B}.Release|x64.Build.0 = Release|x64
		{026893D3-CE0F-3831-A64D-F66906C0DC2B}.MinSizeRel|x64.ActiveCfg = MinSizeRel|x64
		{026893D3-CE0F-3831-A64D-F66906C0DC2B}.MinSizeRel|x64.Build.0 = MinSizeRel|x64
		{026893D3-CE0F-3831-A64D-F66906C0DC2B}.RelWithDebInfo|x64.ActiveCfg = RelWithDebInfo|x64
		{026893D3-CE0F-3831-A64D-F66906C0DC2B}.RelWithDebInfo|x64.Build.0 = RelWithDebInfo|x64
		{0C7FC843-C9E8-3C73-98A9-D09D5B545ACE}.Debug|x64.ActiveCfg = Debug|x64
		{0C7FC843-C9E8-3C73-98A9-D09D5B545ACE}.Debug|x64.Build.0 = Debug|x64
		{0C7FC843-C9E8-3C73-98A9-D09D5B545ACE}.Release|x64.ActiveCfg = Release|x64
		{0C7FC843-C9E8-3C73-98A9-D09D5B545ACE}.Release|x64.Build.0 = Release|x64
		{0C7FC843-C9E8-3C73-98A9-D09D5B545ACE}.MinSizeRel|x64.ActiveCfg = MinSizeRel|x64
		{0C7FC843-C9E8-3C73-98A9-D09D5B545ACE}.MinSizeRel|x64.Build.0 = MinSizeRel|x64
		{0C7FC843-C9E8-3C73-98A9-D09D5B545ACE}.RelWithDebInfo|x64.ActiveCfg = RelWithDebInfo|x64
		{0C7FC843-C9E8-3C73-98A9-D09D5B545ACE}.RelWithDebInfo|x64.Build.0 = RelWithDebInfo|x64
		{0F75BD23-DE4F-3A7E-A4B6-2A9D1809F170}.Debug|x64.ActiveCfg = Debug|x64
		{0F75BD23-DE4F-3A7E-A4B6-2A9D1809F170}.Debug|x64.Build.0 = Debug|x64
		{0F75BD23-DE4F-3A7E-A4B6-2A9D1809F170}.Release|x64.ActiveCfg = Release|x64
		{0F75BD23-DE4F-3A7E-A4B6-2A9D1809F170}.Release|x64.Build.0 = Release|x64
		{0F75BD23-DE4F-3A7E-A4B6-2A9D1809F170}.MinSizeRel|x64.ActiveCfg = MinSizeRel|x64
		{0F75BD23-DE4F-3A7E-A4B6-2A9D1809F170}.MinSizeRel|x64.Build.0 = MinSizeRel|x64
		{0F75BD23-DE4F-3A7E-A4B6-2A9D1809F170}.RelWithDebInfo|x64.ActiveCfg = RelWithDebInfo|x64
		{0F75BD23-DE4F-3A7E-A4B6-2A9D1809F170}.RelWithDebInfo|x64.Build.0 = RelWithDebInfo|x64
		{226EFD5A-3213-312C-95FD-161D2EBA1F98}.Debug|x64.ActiveCfg = Debug|x64
		{226EFD5A-3213-312C-95FD-161D2EBA1F98}.Debug|x64.Build.0 = Debug|x64
		{226EFD5A-3213-312C-95FD-161D2EBA1F98}.Release|x64.ActiveCfg = Release|x64
		{226EFD5A-3213-312C-95FD-161D2EBA1F98}.Release|x64.Build.0 = Release|x64
		{226EFD5A-3213-312C-95FD-161D2EBA1F98}.MinSizeRel|x64.ActiveCfg = MinSizeRel|x64
		{226EFD5A-3213-312C-95FD-161D2EBA1F98}.MinSizeRel|x64.Build.0 = MinSizeRel|x64
		{226EFD5A-3213-312C-95FD-161D2EBA1F98}.RelWithDebInfo|x64.ActiveCfg = RelWithDebInfo|x64
		{226EFD5A-3213-312C-95FD-161D2EBA1F98}.RelWithDebInfo|x64.Build.0 = RelWithDebInfo|x64
		{BC7570D0-DAC2-3969-BFAB-187431D07B9E}.Debug|x64.ActiveCfg = Debug|x64
		{BC7570D0-DAC2-3969-BFAB-187431D07B9E}.Debug|x64.Build.0 = Debug|x64
		{BC7570D0-DAC2-3969-BFAB-187431D07B9E}.Release|x64.ActiveCfg = Release|x64
		{BC7570D0-DAC2-3969-BFAB-187431D07B9E}.Release|x64.Build.0 = Release|x64
		{BC7570D0-DAC2-3969-BFAB-187431D07B9E}.MinSizeRel|x64.ActiveCfg = MinSizeRel|x64
		{BC7570D0-DAC2-3969-BFAB-187431D07B9E}.MinSizeRel|x64.Build.0 = MinSizeRel|x64
		{BC7570D0-DAC2-3969-BFAB-187431D07B9E}.RelWithDebInfo|x64.ActiveCfg = RelWithDebInfo|x64
		{BC7570D0-DAC2-3969-BFAB-187431D07B9E}.RelWithDebInfo|x64.Build.0 = RelWithDebInfo|x64
		{0BB0723E-D303-386D-9720-690369F02D15}.Debug|x64.ActiveCfg = Debug|x64
		{0BB0723E-D303-386D-9720-690369F02D15}.Debug|x64.Build.0 = Debug|x64
		{0BB0723E-D303-386D-9720-690369F02D15}.Release|x64.ActiveCfg = Release|x64
		{0BB0723E-D303-386D-9720-690369F02D15}.Release|x64.Build.0 = Release|x64
		{0BB0723E-D303-386D-9720-690369F02D15}.MinSizeRel|x64.ActiveCfg = MinSizeRel|x64
		{0BB0723E-D303-386D-9720-690369F02D15}.MinSizeRel|x64.Build.0 = MinSizeRel|x64
		{0BB0723E-D303-386D-9720-690369F02D15}.RelWithDebInfo|x64.ActiveCfg = RelWithDebInfo|x64
		{0BB0723E-D303-386D-9720-690369F02D15}.RelWithDebInfo|x64.Build.0 = RelWithDebInfo|x64
		{1B9085CC-F722-31A7-B583-E9FBBC1DB5BB}.Debug|x64.ActiveCfg = Debug|x64
		{1B9085CC-F722-31A7-B583-E9FBBC1DB5BB}.Debug|x64.Build.0 = Debug|x64
		{1B9085CC-F722-31A7-B583-E9FBBC1DB5BB}.Release|x64.ActiveCfg = Release|x64
		{1B9085CC-F722-31A7-B583-E9FBBC1DB5BB}.Release|x64.Build.0 = Release|x64
		{1B9085CC-F722-31A7-B583-E9FBBC1DB5BB}.MinSizeRel|x64.ActiveCfg = MinSizeRel|x64
		{1B9085CC-F722-31A7-B583-E9FBBC1DB5BB}.MinSizeRel|x64.Build.0 = MinSizeRel|x64
		{1B9085CC-F722-31A7-B583-E9FBBC1DB5BB}.RelWithDebInfo|x64.ActiveCfg = RelWithDebInfo|x64
		{1B9085CC-F722-31A7-B583-E9FBBC1DB5BB}.RelWithDebInfo|x64.Build.0 = RelWithDebInfo|x64
		{A19F8891-300D-3F2F-83D2-6D608E5724A9}.Debug|x64.ActiveCfg = Debug|x64
		{A19F8891-300D-3F2F-83D2-6D608E5724A9}.Debug|x64.Build.0 = Debug|x64
		{A19F8891-300D-3F2F-83D2-6D608E5724A9}.Release|x64.ActiveCfg = Release|x64
		{A19F8891-300D-3F2F-83D2-6D608E5724A9}.Release|x64.Build.0 = Release|x64
		{A19F8891-300D-3F2F-83D2-6D608E5724A9}.MinSizeRel|x64.ActiveCfg = MinSizeRel|x64
		{A19F8891-300D-3F2F-83D2-6D608E5724A9}.MinSizeRel|x64.Build.0 = MinSizeRel|x64
		{A19F8891-300D-3F2F-83D2-6D608E5724A9}.RelWithDebInfo|x64.ActiveCfg = RelWithDebInfo|x64
		{A19F8891-300D-3F2F-83D2-6D608E5724A9}.RelWithDebInfo|x64.Build.0 = RelWithDebInfo|x64
		{064120C8-122D-3B87-AEC9-B1A3E7C5D860}.Debug|x64.ActiveCfg = Debug|x64
		{064120C8-122D-3B87-AEC9-B1A3E7C5D860}.Debug|x64.Build.0 = Debug|x64
		{064120C8-122D-3B87-AEC9-B1A3E7C5D860}.Release|x64.ActiveCfg = Release|x64
		{064120C8-122D-3B87-AEC9-B1A3E7C5D860}.Release|x64.Build.0 = Release|x64
		{064120C8-122D-3B87-AEC9-B1A3E7C5D860}.MinSizeRel|x64.ActiveCfg = MinSizeRel|x64
		{064120C8-122D-3B87-AEC9-B1A3E7C5D860}.MinSizeRel|x64.Build.0 = MinSizeRel|x64
		{064120C8-122D-3B87-AEC9-B1A3E7C5D860}.RelWithDebInfo|x64.ActiveCfg = RelWithDebInfo|x64
		{064120C8-122D-3B87-AEC9-B1A3E7C5D860}.RelWithDebInfo|x64.Build.0 = RelWithDebInfo|x64
		{CFCE905D-6F9F-3F11-ACBF-2B360CD6A1CA}.Debug|x64.ActiveCfg = Debug|x64
		{CFCE905D-6F9F-3F11-ACBF-2B360CD6A1CA}.Debug|x64.Build.0 = Debug|x64
		{CFCE905D-6F9F-3F11-ACBF-2B360CD6A1CA}.Release|x64.ActiveCfg = Release|x64
		{CFCE905D-6F9F-3F11-ACBF-2B360CD6A1CA}.Release|x64.Build.0 = Release|x64
		{CFCE905D-6F9F-3F11-ACBF-2B360CD6A1CA}.MinSizeRel|x64.ActiveCfg = MinSizeRel|x64
		{CFCE905D-6F9F-3F11-ACBF-2B360CD6A1CA}.MinSizeRel|x64.Build.0 = MinSizeRel|x64
		{CFCE905D-6F9F-3F11-ACBF-2B360CD6A1CA}.RelWithDebInfo|x64.ActiveCfg = RelWithDebInfo|x64
		{CFCE905D-6F9F-3F11-ACBF-2B360CD6A1CA}.RelWithDebInfo|x64.Build.0 = RelWithDebInfo|x64
		{CA1EDDF1-39C3-3ADC-82B8-A60AF403AE3E}.Debug|x64.ActiveCfg = Debug|x64
		{CA1EDDF1-39C3-3ADC-82B8-A60AF403AE3E}.Debug|x64.Build.0 = Debug|x64
		{CA1EDDF1-39C3-3ADC-82B8-A60AF403AE3E}.Release|x64.ActiveCfg = Release|x64
		{CA1EDDF1-39C3-3ADC-82B8-A60AF403AE3E}.Release|x64.Build.0 = Release|x64
		{CA1EDDF1-39C3-3ADC-82B8-A60AF403AE3E}.MinSizeRel|x64.ActiveCfg = MinSizeRel|x64
		{CA1EDDF1-39C3-3ADC-82B8-A60AF403AE3E}.MinSizeRel|x64.Build.0 = MinSizeRel|x64
		{CA1EDDF1-39C3-3ADC-82B8-A60AF403AE3E}.RelWithDebInfo|x64.ActiveCfg = RelWithDebInfo|x64
		{CA1EDDF1-39C3-3ADC-82B8-A60AF403AE3E}.RelWithDebInfo|x64.Build.0 = RelWithDebInfo|x64
		{45D05E5C-22E1-3936-8B3B-651EAD56642C}.Debug|x64.ActiveCfg = Debug|x64
		{45D05E5C-22E1-3936-8B3B-651EAD56642C}.Debug|x64.Build.0 = Debug|x64
		{45D05E5C-22E1-3936-8B3B-651EAD56642C}.Release|x64.ActiveCfg = Release|x64
		{45D05E5C-22E1-3936-8B3B-651EAD56642C}.Release|x64.Build.0 = Release|x64
		{45D05E5C-22E1-3936-8B3B-651EAD56642C}.MinSizeRel|x64.ActiveCfg = MinSizeRel|x64
		{45D05E5C-22E1-3936-8B3B-651EAD56642C}.MinSizeRel|x64.Build.0 = MinSizeRel|x64
		{45D05E5C-22E1-3936-8B3B-651EAD56642C}.RelWithDebInfo|x64.ActiveCfg = RelWithDebInfo|x64
		{45D05E5C-22E1-3936-8B3B-651EAD56642C}.RelWithDebInfo|x64.Build.0 = RelWithDebInfo|x64
		{02B1F7D4-7CAB-3AE8-B34D-95239331D2A6}.Debug|x64.ActiveCfg = Debug|x64
		{02B1F7D4-7CAB-3AE8-B34D-95239331D2A6}.Debug|x64.Build.0 = Debug|x64
		{02B1F7D4-7CAB-3AE8-B34D-95239331D2A6}.Release|x64.ActiveCfg = Release|x64
		{02B1F7D4-7CAB-3AE8-B34D-95239331D2A6}.Release|x64.Build.0 = Release|x64
		{02B1F7D4-7CAB-3AE8-B34D-95239331D2A6}.MinSizeRel|x64.ActiveCfg = MinSizeRel|x64
		{02B1F7D4-7CAB-3AE8-B34D-95239331D2A6}.MinSizeRel|x64.Build.0 = MinSizeRel|x64
		{02B1F7D4-7CAB-3AE8-B34D-95239331D2A6}.RelWithDebInfo|x64.ActiveCfg = RelWithDebInfo|x64
		{02B1F7D4-7CAB-3AE8-B34D-95239331D2A6}.RelWithDebInfo|x64.Build.0 = RelWithDebInfo|x64
		{DA33B781-4B48-3534-A73E-796BD22EDB42}.Debug|x64.ActiveCfg = Debug|x64
		{DA33B781-4B48-3534-A73E-796BD22EDB42}.Debug|x64.Build.0 = Debug|x64
		{DA33B781-4B48-3534-A73E-796BD22EDB42}.Release|x64.ActiveCfg = Release|x64
		{DA33B781-4B48-3534-A73E-796BD22EDB42}.Release|x64.Build.0 = Release|x64
		{DA33B781-4B48-3534-A73E-796BD22EDB42}.MinSizeRel|x64.ActiveCfg = MinSizeRel|x64
		{DA33B781-4B48-3534-A73E-796BD22EDB42}.MinSizeRel|x64.Build.0 = MinSizeRel|x64
		{DA33B781-4B48-3534-A73E-796BD22EDB42}.RelWithDebInfo|x64.ActiveCfg = RelWithDebInfo|x64
		{DA33B781-4B48-3534-A73E-796BD22EDB42}.RelWithDebInfo|x64.Build.0 = RelWithDebInfo|x64
		{7C0E61C0-067C-3CF6-B8B3-2814E6BEFECF}.Debug|x64.ActiveCfg = Debug|x64
		{7C0E61C0-067C-3CF6-B8B3-2814E6BEFECF}.Debug|x64.Build.0 = Debug|x64
		{7C0E61C0-067C-3CF6-B8B3-2814E6BEFECF}.Release|x64.ActiveCfg = Release|x64
		{7C0E61C0-067C-3CF6-B8B3-2814E6BEFECF}.Release|x64.Build.0 = Release|x64
		{7C0E61C0-067C-3CF6-B8B3-2814E6BEFECF}.MinSizeRel|x64.ActiveCfg = MinSizeRel|x64
		{7C0E61C0-067C-3CF6-B8B3-2814E6BEFECF}.MinSizeRel|x64.Build.0 = MinSizeRel|x64
		{7C0E61C0-067C-3CF6-B8B3-2814E6BEFECF}.RelWithDebInfo|x64.ActiveCfg = RelWithDebInfo|x64
		{7C0E61C0-067C-3CF6-B8B3-2814E6BEFECF}.RelWithDebInfo|x64.Build.0 = RelWithDebInfo|x64
		{77B3D16B-06B1-3C38-A662-538D24F42AAF}.Debug|x64.ActiveCfg = Debug|x64
		{77B3D16B-06B1-3C38-A662-538D24F42AAF}.Debug|x64.Build.0 = Debug|x64
		{77B3D16B-06B1-3C38-A662-538D24F42AAF}.Release|x64.ActiveCfg = Release|x64
		{77B3D16B-06B1-3C38-A662-538D24F42AAF}.Release|x64.Build.0 = Release|x64
		{77B3D16B-06B1-3C38-A662-538D24F42AAF}.MinSizeRel|x64.ActiveCfg = MinSizeRel|x64
		{77B3D16B-06B1-3C38-A662-538D24F42AAF}.MinSizeRel|x64.Build.0 = MinSizeRel|x64
		{77B3D16B-06B1-3C38-A662-538D24F42AAF}.RelWithDebInfo|x64.ActiveCfg = RelWithDebInfo|x64
		{77B3D16B-06B1-3C38-A662-538D24F42AAF}.RelWithDebInfo|x64.Build.0 = RelWithDebInfo|x64
		{4AD2DD34-5394-3697-A56E-BAE65C807131}.Debug|x64.ActiveCfg = Debug|x64
		{4AD2DD34-5394-3697-A56E-BAE65C807131}.Debug|x64.Build.0 = Debug|x64
		{4AD2DD34-5394-3697-A56E-BAE65C807131}.Release|x64.ActiveCfg = Release|x64
		{4AD2DD34-5394-3697-A56E-BAE65C807131}.Release|x64.Build.0 = Release|x64
		{4AD2DD34-5394-3697-A56E-BAE65C807131}.MinSizeRel|x64.ActiveCfg = MinSizeRel|x64
		{4AD2DD34-5394-3697-A56E-BAE65C807131}.MinSizeRel|x64.Build.0 = MinSizeRel|x64
		{4AD2DD34-5394-3697-A56E-BAE65C807131}.RelWithDebInfo|x64.ActiveCfg = RelWithDebInfo|x64
		{4AD2DD34-5394-3697-A56E-BAE65C807131}.RelWithDebInfo|x64.Build.0 = RelWithDebInfo|x64
		{23143196-1657-32C7-B5A0-B4087E5D16EC}.Debug|x64.ActiveCfg = Debug|x64
		{23143196-1657-32C7-B5A0-B4087E5D16EC}.Debug|x64.Build.0 = Debug|x64
		{23143196-1657-32C7-B5A0-B4087E5D16EC}.Release|x64.ActiveCfg = Release|x64
		{23143196-1657-32C7-B5A0-B4087E5D16EC}.Release|x64.Build.0 = Release|x64
		{23143196-1657-32C7-B5A0-B4087E5D16EC}.MinSizeRel|x64.ActiveCfg = MinSizeRel|x64
		{23143196-1657-32C7-B5A0-B4087E5D16EC}.MinSizeRel|x64.Build.0 = MinSizeRel|x64
		{23143196-1657-32C7-B5A0-B4087E5D16EC}.RelWithDebInfo|x64.ActiveCfg = RelWithDebInfo|x64
		{23143196-1657-32C7-B5A0-B4087E5D16EC}.RelWithDebInfo|x64.Build.0 = RelWithDebInfo|x64
		{2579349F-132F-3751-9367-863FD042FB49}.Debug|x64.ActiveCfg = Debug|x64
		{2579349F-132F-3751-9367-863FD042FB49}.Release|x64.ActiveCfg = Release|x64
		{2579349F-132F-3751-9367-863FD042FB49}.MinSizeRel|x64.ActiveCfg = MinSizeRel|x64
		{2579349F-132F-3751-9367-863FD042FB49}.RelWithDebInfo|x64.ActiveCfg = RelWithDebInfo|x64
		{4330ACF7-4471-3A48-AA1C-BE2CD6B59CE5}.Debug|x64.ActiveCfg = Debug|x64
		{4330ACF7-4471-3A48-AA1C-BE2CD6B59CE5}.Release|x64.ActiveCfg = Release|x64
		{4330ACF7-4471-3A48-AA1C-BE2CD6B59CE5}.MinSizeRel|x64.ActiveCfg = MinSizeRel|x64
		{4330ACF7-4471-3A48-AA1C-BE2CD6B59CE5}.RelWithDebInfo|x64.ActiveCfg = RelWithDebInfo|x64
		{D5AD8A7D-DAE4-354D-B5BC-D23E06C7C6AD}.Debug|x64.ActiveCfg = Debug|x64
		{D5AD8A7D-DAE4-354D-B5BC-D23E06C7C6AD}.Debug|x64.Build.0 = Debug|x64
		{D5AD8A7D-DAE4-354D-B5BC-D23E06C7C6AD}.Release|x64.ActiveCfg = Release|x64
		{D5AD8A7D-DAE4-354D-B5BC-D23E06C7C6AD}.Release|x64.Build.0 = Release|x64
		{D5AD8A7D-DAE4-354D-B5BC-D23E06C7C6AD}.MinSizeRel|x64.ActiveCfg = MinSizeRel|x64
		{D5AD8A7D-DAE4-354D-B5BC-D23E06C7C6AD}.MinSizeRel|x64.Build.0 = MinSizeRel|x64
		{D5AD8A7D-DAE4-354D-B5BC-D23E06C7C6AD}.RelWithDebInfo|x64.ActiveCfg = RelWithDebInfo|x64
		{D5AD8A7D-DAE4-354D-B5BC-D23E06C7C6AD}.RelWithDebInfo|x64.Build.0 = RelWithDebInfo|x64
		{F12E594B-51E2-3A8A-BEA6-E4019E57BE98}.Debug|x64.ActiveCfg = Debug|x64
		{F12E594B-51E2-3A8A-BEA6-E4019E57BE98}.Debug|x64.Build.0 = Debug|x64
		{F12E594B-51E2-3A8A-BEA6-E4019E57BE98}.Release|x64.ActiveCfg = Release|x64
		{F12E594B-51E2-3A8A-BEA6-E4019E57BE98}.Release|x64.Build.0 = Release|x64
		{F12E594B-51E2-3A8A-BEA6-E4019E57BE98}.MinSizeRel|x64.ActiveCfg = MinSizeRel|x64
		{F12E594B-51E2-3A8A-BEA6-E4019E57BE98}.MinSizeRel|x64.Build.0 = MinSizeRel|x64
		{F12E594B-51E2-3A8A-BEA6-E4019E57BE98}.RelWithDebInfo|x64.ActiveCfg = RelWithDebInfo|x64
		{F12E594B-51E2-3A8A-BEA6-E4019E57BE98}.RelWithDebInfo|x64.Build.0 = RelWithDebInfo|x64
		{314D570B-4905-3FAC-A9F8-4992E5472833}.Debug|x64.ActiveCfg = Debug|x64
		{314D570B-4905-3FAC-A9F8-4992E5472833}.Debug|x64.Build.0 = Debug|x64
		{314D570B-4905-3FAC-A9F8-4992E5472833}.Release|x64.ActiveCfg = Release|x64
		{314D570B-4905-3FAC-A9F8-4992E5472833}.Release|x64.Build.0 = Release|x64
		{314D570B-4905-3FAC-A9F8-4992E5472833}.MinSizeRel|x64.ActiveCfg = MinSizeRel|x64
		{314D570B-4905-3FAC-A9F8-4992E5472833}.MinSizeRel|x64.Build.0 = MinSizeRel|x64
		{314D570B-4905-3FAC-A9F8-4992E5472833}.RelWithDebInfo|x64.ActiveCfg = RelWithDebInfo|x64
		{314D570B-4905-3FAC-A9F8-4992E5472833}.RelWithDebInfo|x64.Build.0 = RelWithDebInfo|x64
	EndGlobalSection
	GlobalSection(NestedProjects) = preSolution
		{12369495-D760-3B61-B07C-48E89CFAED33} = {B5990C77-80AE-3E69-8D9F-02AA8BEA9095}
		{892337A8-D0F4-349F-88ED-54F66B5D1A95} = {B5990C77-80AE-3E69-8D9F-02AA8BEA9095}
		{5C928DFE-43C7-3B73-BC5E-8D89BBC018CE} = {B5990C77-80AE-3E69-8D9F-02AA8BEA9095}
		{0019E720-3536-3595-9C1C-6B099E1702C9} = {FC35A50D-F941-390C-B872-79A48056C036}
		{0A3CAA7A-CBFC-3109-9D88-0DC9E65B3C77} = {FC35A50D-F941-390C-B872-79A48056C036}
		{CDD6FA29-977F-36C1-8FA5-C65D550149A2} = {FC35A50D-F941-390C-B872-79A48056C036}
		{2579349F-132F-3751-9367-863FD042FB49} = {FC35A50D-F941-390C-B872-79A48056C036}
		{4330ACF7-4471-3A48-AA1C-BE2CD6B59CE5} = {FC35A50D-F941-390C-B872-79A48056C036}
		{40FA7094-FD28-3418-BE6D-BB7098CE5EED} = {0019E720-3536-3595-9C1C-6B099E1702C9}
		{6C01A581-FA44-3F10-8A02-072178B00D6D} = {0019E720-3536-3595-9C1C-6B099E1702C9}
		{B91E7757-3887-32C0-BAF9-C871F3999951} = {0019E720-3536-3595-9C1C-6B099E1702C9}
		{1B9085CC-F722-31A7-B583-E9FBBC1DB5BB} = {0019E720-3536-3595-9C1C-6B099E1702C9}
		{A19F8891-300D-3F2F-83D2-6D608E5724A9} = {0019E720-3536-3595-9C1C-6B099E1702C9}
		{CFCE905D-6F9F-3F11-ACBF-2B360CD6A1CA} = {0019E720-3536-3595-9C1C-6B099E1702C9}
		{CA1EDDF1-39C3-3ADC-82B8-A60AF403AE3E} = {0019E720-3536-3595-9C1C-6B099E1702C9}
		{77B3D16B-06B1-3C38-A662-538D24F42AAF} = {0019E720-3536-3595-9C1C-6B099E1702C9}
		{4AD2DD34-5394-3697-A56E-BAE65C807131} = {0019E720-3536-3595-9C1C-6B099E1702C9}
		{D5AD8A7D-DAE4-354D-B5BC-D23E06C7C6AD} = {0019E720-3536-3595-9C1C-6B099E1702C9}
		{314D570B-4905-3FAC-A9F8-4992E5472833} = {0019E720-3536-3595-9C1C-6B099E1702C9}
		{4426DA9C-125E-34E5-9506-8348685281D9} = {0A3CAA7A-CBFC-3109-9D88-0DC9E65B3C77}
		{A384D4E4-3056-3330-83FA-51714AFE6D7E} = {0A3CAA7A-CBFC-3109-9D88-0DC9E65B3C77}
		{03FFD722-0059-3B24-B390-07C491F25103} = {0A3CAA7A-CBFC-3109-9D88-0DC9E65B3C77}
		{7B612F1E-5BD9-3558-AB76-EC920C35796C} = {0A3CAA7A-CBFC-3109-9D88-0DC9E65B3C77}
		{479D5E23-1C3D-3EBC-85EF-FCA66432C794} = {0A3CAA7A-CBFC-3109-9D88-0DC9E65B3C77}
		{9C5CE62A-FEE6-3464-A7F4-C4353721420C} = {0A3CAA7A-CBFC-3109-9D88-0DC9E65B3C77}
		{173B7F07-47CD-3BD2-B18A-C4FD23AA594A} = {0A3CAA7A-CBFC-3109-9D88-0DC9E65B3C77}
		{026893D3-CE0F-3831-A64D-F66906C0DC2B} = {0A3CAA7A-CBFC-3109-9D88-0DC9E65B3C77}
		{0C7FC843-C9E8-3C73-98A9-D09D5B545ACE} = {0A3CAA7A-CBFC-3109-9D88-0DC9E65B3C77}
		{0F75BD23-DE4F-3A7E-A4B6-2A9D1809F170} = {0A3CAA7A-CBFC-3109-9D88-0DC9E65B3C77}
		{226EFD5A-3213-312C-95FD-161D2EBA1F98} = {0A3CAA7A-CBFC-3109-9D88-0DC9E65B3C77}
		{BC7570D0-DAC2-3969-BFAB-187431D07B9E} = {0A3CAA7A-CBFC-3109-9D88-0DC9E65B3C77}
		{0BB0723E-D303-386D-9720-690369F02D15} = {0A3CAA7A-CBFC-3109-9D88-0DC9E65B3C77}
		{064120C8-122D-3B87-AEC9-B1A3E7C5D860} = {0A3CAA7A-CBFC-3109-9D88-0DC9E65B3C77}
		{45D05E5C-22E1-3936-8B3B-651EAD56642C} = {0A3CAA7A-CBFC-3109-9D88-0DC9E65B3C77}
		{02B1F7D4-7CAB-3AE8-B34D-95239331D2A6} = {0A3CAA7A-CBFC-3109-9D88-0DC9E65B3C77}
		{DA33B781-4B48-3534-A73E-796BD22EDB42} = {0A3CAA7A-CBFC-3109-9D88-0DC9E65B3C77}
		{7C0E61C0-067C-3CF6-B8B3-2814E6BEFECF} = {0A3CAA7A-CBFC-3109-9D88-0DC9E65B3C77}
		{23143196-1657-32C7-B5A0-B4087E5D16EC} = {0A3CAA7A-CBFC-3109-9D88-0DC9E65B3C77}
		{F12E594B-51E2-3A8A-BEA6-E4019E57BE98} = {0A3CAA7A-CBFC-3109-9D88-0DC9E65B3C77}
	EndGlobalSection
	GlobalSection(ExtensibilityGlobals) = postSolution
		SolutionGuid = {0EC6540B-85D1-3C22-9095-3321490A0AE1}
	EndGlobalSection
	GlobalSection(ExtensibilityAddIns) = postSolution
	EndGlobalSection
EndGlobal
